<?xml version="1.0" encoding="utf-8"?>
<Project ToolsVersion="4.0" xmlns="http://schemas.microsoft.com/developer/msbuild/2003">
  <ItemGroup>
    <Filter Include="소스 파일">
      <UniqueIdentifier>{4FC737F1-C7A5-4376-A066-2A32D752A2FF}</UniqueIdentifier>
      <Extensions>cpp;c;cc;cxx;def;odl;idl;hpj;bat;asm;asmx</Extensions>
    </Filter>
    <Filter Include="헤더 파일">
      <UniqueIdentifier>{93995380-89BD-4b04-88EB-625FBE52EBFB}</UniqueIdentifier>
      <Extensions>h;hh;hpp;hxx;hm;inl;inc;xsd</Extensions>
    </Filter>
    <Filter Include="리소스 파일">
      <UniqueIdentifier>{67DA6AB6-F800-4c08-8B7A-83BB121AAD01}</UniqueIdentifier>
      <Extensions>rc;ico;cur;bmp;dlg;rc2;rct;bin;rgs;gif;jpg;jpeg;jpe;resx;tiff;tif;png;wav;mfcribbon-ms</Extensions>
    </Filter>
    <Filter Include="2DFramework">
      <UniqueIdentifier>{aea0f49b-6cec-4470-965c-82a7db76b2ed}</UniqueIdentifier>
    </Filter>
    <Filter Include="MainGame">
      <UniqueIdentifier>{11d3f6ef-dc62-4c2d-b451-97891484748e}</UniqueIdentifier>
    </Filter>
    <Filter Include="2DFramework\singletonBase">
      <UniqueIdentifier>{5092fad3-c9b0-4a26-9c7f-0ebc8e709a2e}</UniqueIdentifier>
    </Filter>
    <Filter Include="2DFramework\Manager">
      <UniqueIdentifier>{8a4027b7-dc4f-41ad-af4b-ccf82292becd}</UniqueIdentifier>
    </Filter>
    <Filter Include="2DFramework\utils">
      <UniqueIdentifier>{2dd3b8bb-136a-4e07-9361-6cbbfd621cfb}</UniqueIdentifier>
    </Filter>
    <Filter Include="2DFramework\image">
      <UniqueIdentifier>{bcfaabde-e30e-46e8-bfee-474c3ff3ae3a}</UniqueIdentifier>
    </Filter>
    <Filter Include="2DFramework\progressBar">
      <UniqueIdentifier>{102173bc-5050-4453-a265-a91098cf7f6d}</UniqueIdentifier>
    </Filter>
    <Filter Include="2DFramework\txtData">
      <UniqueIdentifier>{6d141351-7b03-4d5f-b90e-2dd814fbfc9e}</UniqueIdentifier>
    </Filter>
    <Filter Include="2DFramework\timer">
      <UniqueIdentifier>{1aed980f-eb9f-4946-ad6d-c5d7bdbab586}</UniqueIdentifier>
    </Filter>
    <Filter Include="2DFramework\animation">
      <UniqueIdentifier>{4b779776-4d65-4046-99a7-06774b2cb660}</UniqueIdentifier>
    </Filter>
    <Filter Include="2DFramework\effect">
      <UniqueIdentifier>{32b0348d-0ccf-4e9a-a7af-ea333b0115d8}</UniqueIdentifier>
    </Filter>
    <Filter Include="shovelKnight">
      <UniqueIdentifier>{34054f8c-2542-43ad-80e5-f43a419860f8}</UniqueIdentifier>
    </Filter>
    <Filter Include="shovelKnight\player">
      <UniqueIdentifier>{5be9d02c-8d50-4393-a3b1-0e6ca3735078}</UniqueIdentifier>
    </Filter>
    <Filter Include="shovelKnight\scene">
      <UniqueIdentifier>{ae133adc-cc89-462e-bc92-e60bda9b765a}</UniqueIdentifier>
    </Filter>
    <Filter Include="shovelKnight\ItemManager">
      <UniqueIdentifier>{f85fdb16-3f0d-4afe-8d47-8af1adfb72d9}</UniqueIdentifier>
    </Filter>
    <Filter Include="shovelKnight\EnemyManager">
      <UniqueIdentifier>{182224ec-0e03-46d3-ac39-15756acfd5df}</UniqueIdentifier>
    </Filter>
    <Filter Include="shovelKnight\ObjectManager">
      <UniqueIdentifier>{00b72239-61c8-4eeb-b4bf-3c8246b60164}</UniqueIdentifier>
    </Filter>
    <Filter Include="shovelKnight\NPCManager">
      <UniqueIdentifier>{faead990-188d-4054-94c5-181a2b052da9}</UniqueIdentifier>
    </Filter>
    <Filter Include="shovelKnight\ItemManager\items">
      <UniqueIdentifier>{204ba78d-ed0c-4703-9974-f1fe5d532bd8}</UniqueIdentifier>
    </Filter>
    <Filter Include="shovelKnight\EnemyManager\Enemies">
      <UniqueIdentifier>{3e7c673a-c6a1-44a1-be44-300ed064f0bc}</UniqueIdentifier>
    </Filter>
    <Filter Include="shovelKnight\NPCManager\NPCs">
      <UniqueIdentifier>{84551a6f-f08a-4c27-82dd-92fbfe907ea1}</UniqueIdentifier>
    </Filter>
    <Filter Include="shovelKnight\ObjectManager\Objects">
      <UniqueIdentifier>{068dc59f-26b2-4197-9db1-00fcb4873e37}</UniqueIdentifier>
    </Filter>
    <Filter Include="shovelKnight\scene\stage">
      <UniqueIdentifier>{1531806a-c773-48c8-a5ac-ef6b3613144d}</UniqueIdentifier>
    </Filter>
    <Filter Include="shovelKnight\scene\WorldMap">
      <UniqueIdentifier>{b24d4e71-821a-4f12-bb2f-3535c1a72ffe}</UniqueIdentifier>
    </Filter>
    <Filter Include="shovelKnight\scene\Town">
      <UniqueIdentifier>{f712c0ce-c267-42b3-9552-5dae0eb0a933}</UniqueIdentifier>
    </Filter>
    <Filter Include="shovelKnight\scene\System">
      <UniqueIdentifier>{7329ff17-665f-450f-af6c-84b976fbc7cb}</UniqueIdentifier>
    </Filter>
    <Filter Include="shovelKnight\scene\Inventory">
      <UniqueIdentifier>{a0eb4474-c5a7-489b-88aa-982559b8c94d}</UniqueIdentifier>
    </Filter>
    <Filter Include="MainGame\dataBase">
      <UniqueIdentifier>{facfae0c-d8ad-4315-9f62-74c7252aaf0b}</UniqueIdentifier>
    </Filter>
    <Filter Include="shovelKnight\UI">
      <UniqueIdentifier>{c55661d9-8477-47f9-a178-91ceef11a3c4}</UniqueIdentifier>
    </Filter>
  </ItemGroup>
  <ItemGroup>
    <Text Include="ReadMe.txt" />
  </ItemGroup>
  <ItemGroup>
    <ClInclude Include="stdafx.h">
      <Filter>헤더 파일</Filter>
    </ClInclude>
    <ClInclude Include="targetver.h">
      <Filter>헤더 파일</Filter>
    </ClInclude>
    <ClInclude Include="Resource.h">
      <Filter>헤더 파일</Filter>
    </ClInclude>
    <ClInclude Include="commonMacroFunction.h">
      <Filter>헤더 파일</Filter>
    </ClInclude>
    <ClInclude Include="singletonBase.h">
      <Filter>2DFramework\singletonBase</Filter>
    </ClInclude>
    <ClInclude Include="randomFunction.h">
      <Filter>헤더 파일</Filter>
    </ClInclude>
    <ClInclude Include="gameNode.h">
      <Filter>2DFramework</Filter>
    </ClInclude>
    <ClInclude Include="mainGame.h">
      <Filter>MainGame</Filter>
    </ClInclude>
    <ClInclude Include="keyManager.h">
      <Filter>2DFramework\Manager</Filter>
    </ClInclude>
    <ClInclude Include="utils.h">
      <Filter>2DFramework\utils</Filter>
    </ClInclude>
    <ClInclude Include="image.h">
      <Filter>2DFramework\image</Filter>
    </ClInclude>
    <ClInclude Include="imageManager.h">
      <Filter>2DFramework\Manager</Filter>
    </ClInclude>
    <ClInclude Include="progressBar.h">
      <Filter>2DFramework\progressBar</Filter>
    </ClInclude>
    <ClInclude Include="txtData.h">
      <Filter>2DFramework\txtData</Filter>
    </ClInclude>
    <ClInclude Include="timer.h">
      <Filter>2DFramework\timer</Filter>
    </ClInclude>
    <ClInclude Include="timeManager.h">
      <Filter>2DFramework\Manager</Filter>
    </ClInclude>
    <ClInclude Include="soundManager.h">
      <Filter>2DFramework\Manager</Filter>
    </ClInclude>
    <ClInclude Include="animation.h">
      <Filter>2DFramework\animation</Filter>
    </ClInclude>
    <ClInclude Include="effect.h">
      <Filter>2DFramework\effect</Filter>
    </ClInclude>
    <ClInclude Include="effectManager.h">
      <Filter>2DFramework\Manager</Filter>
    </ClInclude>
    <ClInclude Include="iniDataManager.h">
      <Filter>2DFramework\Manager</Filter>
    </ClInclude>
    <ClInclude Include="cameraManager.h">
      <Filter>2DFramework\Manager</Filter>
    </ClInclude>
    <ClInclude Include="itemManager.h">
      <Filter>shovelKnight\ItemManager</Filter>
    </ClInclude>
    <ClInclude Include="enemyManager.h">
      <Filter>shovelKnight\EnemyManager</Filter>
    </ClInclude>
    <ClInclude Include="NPCManager.h">
      <Filter>shovelKnight\NPCManager</Filter>
    </ClInclude>
    <ClInclude Include="objectManager.h">
      <Filter>shovelKnight\ObjectManager</Filter>
    </ClInclude>
    <ClInclude Include="town.h">
      <Filter>shovelKnight\scene\Town</Filter>
    </ClInclude>
    <ClInclude Include="worldMap.h">
      <Filter>shovelKnight\scene\WorldMap</Filter>
    </ClInclude>
    <ClInclude Include="stage.h">
      <Filter>shovelKnight\scene\stage</Filter>
    </ClInclude>
    <ClInclude Include="player.h">
      <Filter>shovelKnight\player</Filter>
    </ClInclude>
    <ClInclude Include="option_video.h">
      <Filter>shovelKnight\scene\System</Filter>
    </ClInclude>
    <ClInclude Include="option_audio.h">
      <Filter>shovelKnight\scene\System</Filter>
    </ClInclude>
    <ClInclude Include="option_controls.h">
      <Filter>shovelKnight\scene\System</Filter>
    </ClInclude>
    <ClInclude Include="option_game.h">
      <Filter>shovelKnight\scene\System</Filter>
    </ClInclude>
    <ClInclude Include="option.h">
      <Filter>shovelKnight\scene\System</Filter>
    </ClInclude>
    <ClInclude Include="system_option.h">
      <Filter>shovelKnight\scene\System</Filter>
    </ClInclude>
    <ClInclude Include="inventory.h">
      <Filter>shovelKnight\scene\Inventory</Filter>
    </ClInclude>
    <ClInclude Include="keyAniManager.h">
      <Filter>2DFramework\Manager</Filter>
    </ClInclude>
    <ClInclude Include="sceneManager.h">
      <Filter>2DFramework\Manager</Filter>
    </ClInclude>
    <ClInclude Include="database.h">
      <Filter>MainGame\dataBase</Filter>
    </ClInclude>
    <ClInclude Include="ui.h">
      <Filter>shovelKnight\UI</Filter>
    </ClInclude>
    <ClInclude Include="NPC.h">
      <Filter>shovelKnight\NPCManager\NPCs</Filter>
    </ClInclude>
    <ClInclude Include="bagFella.h">
      <Filter>shovelKnight\NPCManager\NPCs</Filter>
    </ClInclude>
    <ClInclude Include="Bard.h">
      <Filter>shovelKnight\NPCManager\NPCs</Filter>
    </ClInclude>
    <ClInclude Include="goatician.h">
      <Filter>shovelKnight\NPCManager\NPCs</Filter>
    </ClInclude>
    <ClInclude Include="genericKnight.h">
      <Filter>shovelKnight\NPCManager\NPCs</Filter>
    </ClInclude>
    <ClInclude Include="hedgeFarmer.h">
      <Filter>shovelKnight\NPCManager\NPCs</Filter>
    </ClInclude>
    <ClInclude Include="maiden.h">
      <Filter>shovelKnight\NPCManager\NPCs</Filter>
    </ClInclude>
    <ClInclude Include="Merchant.h">
      <Filter>shovelKnight\NPCManager\NPCs</Filter>
    </ClInclude>
    <ClInclude Include="Molly.h">
      <Filter>shovelKnight\NPCManager\NPCs</Filter>
    </ClInclude>
    <ClInclude Include="Sepp.h">
      <Filter>shovelKnight\NPCManager\NPCs</Filter>
    </ClInclude>
    <ClInclude Include="Tim.h">
      <Filter>shovelKnight\NPCManager\NPCs</Filter>
    </ClInclude>
    <ClInclude Include="waterGirl.h">
      <Filter>shovelKnight\NPCManager\NPCs</Filter>
    </ClInclude>
    <ClInclude Include="Wizard.h">
      <Filter>shovelKnight\NPCManager\NPCs</Filter>
    </ClInclude>
    <ClInclude Include="deerLady.h">
      <Filter>shovelKnight\NPCManager\NPCs</Filter>
    </ClInclude>
    <ClInclude Include="gard.h">
      <Filter>shovelKnight\NPCManager\NPCs</Filter>
    </ClInclude>
    <ClInclude Include="objects.h">
      <Filter>shovelKnight\ObjectManager\Objects</Filter>
    </ClInclude>
  </ItemGroup>
  <ItemGroup>
    <ClCompile Include="gameNode.cpp">
      <Filter>2DFramework</Filter>
    </ClCompile>
    <ClCompile Include="mainGame.cpp">
      <Filter>MainGame</Filter>
    </ClCompile>
    <ClCompile Include="keyManager.cpp">
      <Filter>2DFramework\Manager</Filter>
    </ClCompile>
    <ClCompile Include="utils.cpp">
      <Filter>2DFramework\utils</Filter>
    </ClCompile>
    <ClCompile Include="image.cpp">
      <Filter>2DFramework\image</Filter>
    </ClCompile>
    <ClCompile Include="imageManager.cpp">
      <Filter>2DFramework\Manager</Filter>
    </ClCompile>
    <ClCompile Include="progressBar.cpp">
      <Filter>2DFramework\progressBar</Filter>
    </ClCompile>
    <ClCompile Include="txtData.cpp">
      <Filter>2DFramework\txtData</Filter>
    </ClCompile>
    <ClCompile Include="timer.cpp">
      <Filter>2DFramework\timer</Filter>
    </ClCompile>
    <ClCompile Include="timeManager.cpp">
      <Filter>2DFramework\Manager</Filter>
    </ClCompile>
    <ClCompile Include="soundManager.cpp">
      <Filter>2DFramework\Manager</Filter>
    </ClCompile>
    <ClCompile Include="animation.cpp">
      <Filter>2DFramework\animation</Filter>
    </ClCompile>
    <ClCompile Include="effect.cpp">
      <Filter>2DFramework\effect</Filter>
    </ClCompile>
    <ClCompile Include="effectManager.cpp">
      <Filter>2DFramework\Manager</Filter>
    </ClCompile>
    <ClCompile Include="iniDataManager.cpp">
      <Filter>2DFramework\Manager</Filter>
    </ClCompile>
    <ClCompile Include="cameraManager.cpp">
      <Filter>2DFramework\Manager</Filter>
    </ClCompile>
    <ClCompile Include="itemManager.cpp">
      <Filter>shovelKnight\ItemManager</Filter>
    </ClCompile>
    <ClCompile Include="enemyManager.cpp">
      <Filter>shovelKnight\EnemyManager</Filter>
    </ClCompile>
    <ClCompile Include="NPCManager.cpp">
      <Filter>shovelKnight\NPCManager</Filter>
    </ClCompile>
    <ClCompile Include="objectManager.cpp">
      <Filter>shovelKnight\ObjectManager</Filter>
    </ClCompile>
    <ClCompile Include="town.cpp">
      <Filter>shovelKnight\scene\Town</Filter>
    </ClCompile>
    <ClCompile Include="worldMap.cpp">
      <Filter>shovelKnight\scene\WorldMap</Filter>
    </ClCompile>
    <ClCompile Include="stage.cpp">
      <Filter>shovelKnight\scene\stage</Filter>
    </ClCompile>
    <ClCompile Include="player.cpp">
      <Filter>shovelKnight\player</Filter>
    </ClCompile>
    <ClCompile Include="mainGame_images.cpp">
      <Filter>MainGame</Filter>
    </ClCompile>
    <ClCompile Include="option_video.cpp">
      <Filter>shovelKnight\scene\System</Filter>
    </ClCompile>
    <ClCompile Include="option_game.cpp">
      <Filter>shovelKnight\scene\System</Filter>
    </ClCompile>
    <ClCompile Include="option_controls.cpp">
      <Filter>shovelKnight\scene\System</Filter>
    </ClCompile>
    <ClCompile Include="option_audio.cpp">
      <Filter>shovelKnight\scene\System</Filter>
    </ClCompile>
    <ClCompile Include="option.cpp">
      <Filter>shovelKnight\scene\System</Filter>
    </ClCompile>
    <ClCompile Include="system_option.cpp">
      <Filter>shovelKnight\scene\System</Filter>
    </ClCompile>
    <ClCompile Include="inventory.cpp">
      <Filter>shovelKnight\scene\Inventory</Filter>
    </ClCompile>
    <ClCompile Include="keyAniManager.cpp">
      <Filter>2DFramework\Manager</Filter>
    </ClCompile>
    <ClCompile Include="sceneManager.cpp">
      <Filter>2DFramework\Manager</Filter>
    </ClCompile>
    <ClCompile Include="database.cpp">
      <Filter>MainGame\dataBase</Filter>
    </ClCompile>
    <ClCompile Include="ui.cpp">
      <Filter>shovelKnight\UI</Filter>
    </ClCompile>
    <ClCompile Include="NPC.cpp">
      <Filter>shovelKnight\NPCManager\NPCs</Filter>
    </ClCompile>
    <ClCompile Include="bagFella.cpp">
      <Filter>shovelKnight\NPCManager\NPCs</Filter>
    </ClCompile>
    <ClCompile Include="Bard.cpp">
      <Filter>shovelKnight\NPCManager\NPCs</Filter>
    </ClCompile>
    <ClCompile Include="genericKnight.cpp">
      <Filter>shovelKnight\NPCManager\NPCs</Filter>
    </ClCompile>
    <ClCompile Include="goatician.cpp">
      <Filter>shovelKnight\NPCManager\NPCs</Filter>
    </ClCompile>
    <ClCompile Include="hedgeFarmer.cpp">
      <Filter>shovelKnight\NPCManager\NPCs</Filter>
    </ClCompile>
    <ClCompile Include="maiden.cpp">
      <Filter>shovelKnight\NPCManager\NPCs</Filter>
    </ClCompile>
    <ClCompile Include="Merchant.cpp">
      <Filter>shovelKnight\NPCManager\NPCs</Filter>
    </ClCompile>
    <ClCompile Include="Molly.cpp">
      <Filter>shovelKnight\NPCManager\NPCs</Filter>
    </ClCompile>
    <ClCompile Include="Sepp.cpp">
      <Filter>shovelKnight\NPCManager\NPCs</Filter>
    </ClCompile>
    <ClCompile Include="Tim.cpp">
      <Filter>shovelKnight\NPCManager\NPCs</Filter>
    </ClCompile>
    <ClCompile Include="waterGirl.cpp">
      <Filter>shovelKnight\NPCManager\NPCs</Filter>
    </ClCompile>
    <ClCompile Include="stdafx.cpp">
      <Filter>소스 파일</Filter>
    </ClCompile>
    <ClCompile Include="winMain.cpp">
      <Filter>소스 파일</Filter>
    </ClCompile>
    <ClCompile Include="Wizard.cpp">
      <Filter>shovelKnight\NPCManager\NPCs</Filter>
    </ClCompile>
    <ClCompile Include="deerLady.cpp">
      <Filter>shovelKnight\NPCManager\NPCs</Filter>
    </ClCompile>
    <ClCompile Include="gard.cpp">
      <Filter>shovelKnight\NPCManager\NPCs</Filter>
    </ClCompile>
    <ClCompile Include="objects.cpp">
      <Filter>shovelKnight\ObjectManager\Objects</Filter>
    </ClCompile>
  </ItemGroup>
</Project>